
Microsoft Visual Studio Solution File, Format Version 12.00
# Visual Studio 15
VisualStudioVersion = 15.0.27703.2042
MinimumVisualStudioVersion = 10.0.40219.1
Project("{9A19103F-16F7-4668-BE54-9A1E7A4F7556}") = "Mmu.Mlazh.LanguageService", "Sources\Application\Mmu.Mlazh.LanguageService.csproj", "{1622B6E1-1D15-4FB9-9C92-8BF70E372A54}"
EndProject
Project("{9A19103F-16F7-4668-BE54-9A1E7A4F7556}") = "Mmu.Mlazh.LanguageService.TestConsole", "Sources\TestConsole\Mmu.Mlazh.LanguageService.TestConsole.csproj", "{53CCDA02-0851-40BB-9C57-D87B12CF2E6B}"
EndProject
Project("{9A19103F-16F7-4668-BE54-9A1E7A4F7556}") = "Mmu.Mlazh.LanguageService.UnitTests", "Sources\UnitTests\Mmu.Mlazh.LanguageService.UnitTests.csproj", "{B30B2AD2-C4D0-47CB-8F5B-302B6EAA309F}"
EndProject
Project("{9A19103F-16F7-4668-BE54-9A1E7A4F7556}") = "Mmu.Mlh.TestingExtensions", "..\..\MyLittleHelpers\TestingExtensions\Sources\Application\Mmu.Mlh.TestingExtensions.csproj", "{8061AF71-61D9-47D7-8B83-27D26F943706}"
EndProject
Global
	GlobalSection(SolutionConfigurationPlatforms) = preSolution
		Debug|Any CPU = Debug|Any CPU
		Release|Any CPU = Release|Any CPU
	EndGlobalSection
	GlobalSection(ProjectConfigurationPlatforms) = postSolution
		{1622B6E1-1D15-4FB9-9C92-8BF70E372A54}.Debug|Any CPU.ActiveCfg = Debug|Any CPU
		{1622B6E1-1D15-4FB9-9C92-8BF70E372A54}.Debug|Any CPU.Build.0 = Debug|Any CPU
		{1622B6E1-1D15-4FB9-9C92-8BF70E372A54}.Release|Any CPU.ActiveCfg = Release|Any CPU
		{1622B6E1-1D15-4FB9-9C92-8BF70E372A54}.Release|Any CPU.Build.0 = Release|Any CPU
		{53CCDA02-0851-40BB-9C57-D87B12CF2E6B}.Debug|Any CPU.ActiveCfg = Debug|Any CPU
		{53CCDA02-0851-40BB-9C57-D87B12CF2E6B}.Debug|Any CPU.Build.0 = Debug|Any CPU
		{53CCDA02-0851-40BB-9C57-D87B12CF2E6B}.Release|Any CPU.ActiveCfg = Release|Any CPU
		{53CCDA02-0851-40BB-9C57-D87B12CF2E6B}.Release|Any CPU.Build.0 = Release|Any CPU
		{B30B2AD2-C4D0-47CB-8F5B-302B6EAA309F}.Debug|Any CPU.ActiveCfg = Debug|Any CPU
		{B30B2AD2-C4D0-47CB-8F5B-302B6EAA309F}.Debug|Any CPU.Build.0 = Debug|Any CPU
		{B30B2AD2-C4D0-47CB-8F5B-302B6EAA309F}.Release|Any CPU.ActiveCfg = Release|Any CPU
		{B30B2AD2-C4D0-47CB-8F5B-302B6EAA309F}.Release|Any CPU.Build.0 = Release|Any CPU
		{8061AF71-61D9-47D7-8B83-27D26F943706}.Debug|Any CPU.ActiveCfg = Debug|Any CPU
		{8061AF71-61D9-47D7-8B83-27D26F943706}.Debug|Any CPU.Build.0 = Debug|Any CPU
		{8061AF71-61D9-47D7-8B83-27D26F943706}.Release|Any CPU.ActiveCfg = Release|Any CPU
		{8061AF71-61D9-47D7-8B83-27D26F943706}.Release|Any CPU.Build.0 = Release|Any CPU
	EndGlobalSection
	GlobalSection(SolutionProperties) = preSolution
		HideSolutionNode = FALSE
	EndGlobalSection
	GlobalSection(ExtensibilityGlobals) = postSolution
		SolutionGuid = {7C24DB0F-08B1-4C67-8C44-50E21F98BBF0}
	EndGlobalSection
EndGlobal
